payload:
- DOMAIN-SUFFIX,analytics.pointdrive.linkedin.com
- DOMAIN-SUFFIX,ads.linkedin.com
- DOMAIN-SUFFIX,mouseflow.com
- DOMAIN-SUFFIX,gemini.yahoo.com
- DOMAIN-SUFFIX,analytics.query.yahoo.com
- DOMAIN-SUFFIX,log.fc.yahoo.com
- DOMAIN-SUFFIX,analytics.yahoo.com
- DOMAIN-SUFFIX,udcm.yahoo.com
- DOMAIN-SUFFIX,udc.yahoo.com
- DOMAIN-SUFFIX,partnerads.ysm.yahoo.com
- DOMAIN-SUFFIX,ads.yahoo.com
- DOMAIN-SUFFIX,geo.yahoo.com
- DOMAIN-SUFFIX,logservice.hicloud.com
- DOMAIN-SUFFIX,metrics.data.hicloud.com
- DOMAIN-SUFFIX,metrics2.data.hicloud.com
- DOMAIN-SUFFIX,logbak.hicloud.com
- DOMAIN-SUFFIX,grs.hicloud.com
- DOMAIN-SUFFIX,logservice1.hicloud.com
- DOMAIN-SUFFIX,google-analytics.com
- DOMAIN-SUFFIX,ads.pinterest.com
- DOMAIN-SUFFIX,analytics.pinterest.com
- DOMAIN-SUFFIX,log.pinterest.com
- DOMAIN-SUFFIX,trk.pinterest.com
- DOMAIN-SUFFIX,freshmarketer.com
- DOMAIN-SUFFIX,pixel.facebook.com
- DOMAIN-SUFFIX,an.facebook.com
- DOMAIN-SUFFIX,bdapi-ads.realmemobile.com
- DOMAIN-SUFFIX,bdapi-in-ads.realmemobile.com
- DOMAIN-SUFFIX,afs.googlesyndication.com
- DOMAIN-SUFFIX,pagead2.googlesyndication.com
- DOMAIN-SUFFIX,one.fsylr.com
- DOMAIN-SUFFIX,two.fsylr.com
- DOMAIN-SUFFIX,surveys.hotjar.com
- DOMAIN-SUFFIX,careers.hotjar.com
- DOMAIN-SUFFIX,insights.hotjar.com
- DOMAIN-SUFFIX,identify.hotjar.com
- DOMAIN-SUFFIX,script.hotjar.com
- DOMAIN-SUFFIX,adm.hotjar.com
- DOMAIN-SUFFIX,samsungads.com
- DOMAIN-SUFFIX,static.ads-twitter.com
- DOMAIN-SUFFIX,data.mistat.rus.xiaomi.com
- DOMAIN-SUFFIX,data.mistat.xiaomi.com
- DOMAIN-SUFFIX,sdkconfig.ad.xiaomi.com
- DOMAIN-SUFFIX,api.ad.xiaomi.com
- DOMAIN-SUFFIX,sdkconfig.ad.intl.xiaomi.com
- DOMAIN-SUFFIX,data.mistat.india.xiaomi.com
- DOMAIN-SUFFIX,ads-api.twitter.com
- DOMAIN-SUFFIX,metrics.icloud.com
- DOMAIN-SUFFIX,analytics-api.samsunghealthcn.com
- DOMAIN-SUFFIX,click.googleanalytics.com
- DOMAIN-SUFFIX,analytics.tiktok.com
- DOMAIN-SUFFIX,ads-api.tiktok.com
- DOMAIN-SUFFIX,ads.tiktok.com
- DOMAIN-SUFFIX,business-api.tiktok.com
- DOMAIN-SUFFIX,analytics-sg.tiktok.com
- DOMAIN-SUFFIX,ads-sg.tiktok.com
- DOMAIN-SUFFIX,ads30.adcolony.com
- DOMAIN-SUFFIX,wd.adcolony.com
- DOMAIN-SUFFIX,events3alt.adcolony.com
- DOMAIN-SUFFIX,adc3-launch.adcolony.com
- DOMAIN-SUFFIX,ad.juksy.com
- DOMAIN-SUFFIX,config.unityads.unity3d.com
- DOMAIN-SUFFIX,adserver.unityads.unity3d.com
- DOMAIN-SUFFIX,webview.unityads.unity3d.com
- DOMAIN-SUFFIX,auction.unityads.unity3d.com
- DOMAIN-SUFFIX,nmetrics.samsung.com
- DOMAIN-SUFFIX,smetrics.samsung.com
- DOMAIN-SUFFIX,analytics.google.com
- DOMAIN-SUFFIX,adservice.google.com
- DOMAIN-SUFFIX,api.bugsnag.com
- DOMAIN-SUFFIX,app.bugsnag.com
- DOMAIN-SUFFIX,notify.bugsnag.com
- DOMAIN-SUFFIX,sessions.bugsnag.com
- DOMAIN-SUFFIX,adsfs.oppomobile.com
- DOMAIN-SUFFIX,adx.ads.oppomobile.com
- DOMAIN-SUFFIX,data.ads.oppomobile.com
- DOMAIN-SUFFIX,ck.ads.oppomobile.com
- DOMAIN-SUFFIX,luckyorange.com
- DOMAIN-SUFFIX,browser.sentry-cdn.com
- DOMAIN-SUFFIX,tracking.rus.miui.com
- DOMAIN-SUFFIX,iot-logser.realme.com
- DOMAIN-SUFFIX,iot-eu-logser.realme.com
- DOMAIN-SUFFIX,pagead2.googleadservices.com
- DOMAIN-SUFFIX,adtech.yahooinc.com
- DOMAIN-SUFFIX,adtago.s3.amazonaws.com
- DOMAIN-SUFFIX,advice-ads.s3.amazonaws.com
- DOMAIN-SUFFIX,analyticsengine.s3.amazonaws.com
- DOMAIN-SUFFIX,analytics.s3.amazonaws.com
- DOMAIN-SUFFIX,notes-analytics-events.apple.com
- DOMAIN-SUFFIX,books-analytics-events.apple.com
- DOMAIN-SUFFIX,iadsdk.apple.com
- DOMAIN-SUFFIX,weather-analytics-events.apple.com
- DOMAIN-SUFFIX,api-adservices.apple.com
- DOMAIN-SUFFIX,metrics.mzstatic.com
- DOMAIN-SUFFIX,jsx.luyouwang.com
- DOMAIN-SUFFIX,ads.tvb.com
- DOMAIN-SUFFIX,ads.youtube.com
- DOMAIN-SUFFIX,adx.36kr.com
- DOMAIN-SUFFIX,events.reddit.com
- DOMAIN-SUFFIX,stats.wp.com
- DOMAIN-SUFFIX,fc.3dmgame.com
- DOMAIN-SUFFIX,log.byteoversea.com
- DOMAIN-SUFFIX,events.redditmedia.com
- DOMAIN-SUFFIX,app.getsentry.com
- DOMAIN-SUFFIX,ad.hot-mob.com
- DOMAIN-SUFFIX,extmaps-api.yandex.net
- DOMAIN-SUFFIX,offerwall.yandex.net
- DOMAIN-SUFFIX,ad.doubleclick.net
- DOMAIN-SUFFIX,mediavisor.doubleclick.net
- DOMAIN-SUFFIX,stats.g.doubleclick.net
- DOMAIN-SUFFIX,static.doubleclick.net
- DOMAIN-SUFFIX,m.doubleclick.net
- DOMAIN-SUFFIX,cs.luckyorange.net
- DOMAIN-SUFFIX,settings.luckyorange.net
- DOMAIN-SUFFIX,upload.luckyorange.net
- DOMAIN-SUFFIX,media.net
- DOMAIN-SUFFIX,samsung-com.112.2o7.net
- DOMAIN-SUFFIX,pixoctopus.pixnet.net
- DOMAIN-SUFFIX,open.oneplus.net
- DOMAIN-SUFFIX,metrika.yandex.ru
- DOMAIN-SUFFIX,appmetrica.yandex.ru
- DOMAIN-SUFFIX,adfox.yandex.ru
- DOMAIN-SUFFIX,adfstat.yandex.ru
- DOMAIN-SUFFIX,ad.u-car.com.tw
- DOMAIN-SUFFIX,kdpic.pchome.com.tw
- DOMAIN-SUFFIX,xmm.wxc.cc
- DOMAIN-SUFFIX,srtb.msn.cn
- DOMAIN-SUFFIX,click.oneplus.cn
- DOMAIN-SUFFIX,events.hotjar.io
- DOMAIN-SUFFIX,kiwibrowser.org
- DOMAIN,img-c.heytapimage.com
- DOMAIN,adsbdfs.heytapimage.com
- DOMAIN,adsfs.heytapimage.com
- DOMAIN-KEYWORD,porn
- DOMAIN-KEYWORD,js96110
- DOMAIN-SUFFIX,googletagmanager.com
