payload:
- DOMAIN-KEYWORD,-ad.wtzw.com
- DOMAIN-KEYWORD,-ad.gskwai.com
- DOMAIN-KEYWORD,-ad.adukwai.com
- DOMAIN-KEYWORD,-ad.adbkwai.com
- DOMAIN-SUFFIX,ads-api.twitter.com
- DOMAIN-SUFFIX,ad.zijieapi.com
- DOMAIN-SUFFIX,abtest3-misc-lq.zijieapi.com
- DOMAIN-SUFFIX,abtest3-misc-hl.zijieapi.com
- DOMAIN-SUFFIX,config.ads.vungle.com
- DOMAIN-SUFFIX,adx-cn.ads.vungle.com
- DOMAIN-SUFFIX,xoxo.xoxoimg.com
- DOMAIN-SUFFIX,flnet.com
- DOMAIN-SUFFIX,ad.bczcdn.com
- DOMAIN-SUFFIX,webview.unityads.unity3d.com
- DOMAIN-SUFFIX,config.unityads.unity3d.com
- DOMAIN-SUFFIX,auction.unityads.unity3d.com
- DOMAIN-SUFFIX,adserver.unityads.unity3d.com
- DOMAIN-SUFFIX,ae.iads.unity3d.com
- DOMAIN-SUFFIX,o.iads.unity3d.com
- DOMAIN-SUFFIX,ads.games.laohu.com
- DOMAIN-SUFFIX,h-adashx.ut.dingtalk.com
- DOMAIN-SUFFIX,adashx.ut.dingtalk.com
- DOMAIN-SUFFIX,wd.adcolony.com
- DOMAIN-SUFFIX,ads30.adcolony.com
- DOMAIN-SUFFIX,events3alt.adcolony.com
- DOMAIN-SUFFIX,adc3-launch.adcolony.com
- DOMAIN-SUFFIX,analytics.s3.amazonaws.com
- DOMAIN-SUFFIX,adtago.s3.amazonaws.com
- DOMAIN-SUFFIX,analyticsengine.s3.amazonaws.com
- DOMAIN-SUFFIX,advice-ads.s3.amazonaws.com
- DOMAIN-SUFFIX,uu3192uu.com
- DOMAIN-SUFFIX,krbulhb.com
- DOMAIN-SUFFIX,adm.hotjar.com
- DOMAIN-SUFFIX,identify.hotjar.com
- DOMAIN-SUFFIX,insights.hotjar.com
- DOMAIN-SUFFIX,careers.hotjar.com
- DOMAIN-SUFFIX,script.hotjar.com
- DOMAIN-SUFFIX,surveys.hotjar.com
- DOMAIN-SUFFIX,h-adashx.ut.cainiao.com
- DOMAIN-SUFFIX,adashx.ut.cainiao.com
- DOMAIN-SUFFIX,v6-adashx.ut.cainiao.com
- DOMAIN-SUFFIX,tracking.rus.miui.com
- DOMAIN-SUFFIX,hot.browser.miui.com
- DOMAIN-SUFFIX,m1.ad.10010.com.w.cdngslb.com
- DOMAIN-SUFFIX,ad.oceanengine.com.w.cdngslb.com
- DOMAIN-SUFFIX,xpjcg.oss-accelerate.aliyuncs.com
- DOMAIN-SUFFIX,market-ad.oss-accelerate.aliyuncs.com
- DOMAIN-SUFFIX,o2o-ad-dev.oss-cn-shanghai.aliyuncs.com
- DOMAIN-SUFFIX,market-ad.oss-cn-shenzhen.aliyuncs.com
- DOMAIN-SUFFIX,xjwhtz5.com
- DOMAIN-SUFFIX,api.bugsnag.com
- DOMAIN-SUFFIX,app.bugsnag.com
- DOMAIN-SUFFIX,sessions.bugsnag.com
- DOMAIN-SUFFIX,notify.bugsnag.com
- DOMAIN-SUFFIX,wdr160gz.dayugslb.com
- DOMAIN-SUFFIX,aizhantj.com
- DOMAIN-SUFFIX,api.th.wanzjhb.com
- DOMAIN-SUFFIX,uapi.ads.heytapmobi.com
- DOMAIN-SUFFIX,bdapi.ads.heytapmobi.com
- DOMAIN-SUFFIX,sms.ads.heytapmobi.com
- DOMAIN-SUFFIX,ssp-adx.ads.heytapmobi.com
- DOMAIN-SUFFIX,b1-data.ads.heytapmobi.com
- DOMAIN-SUFFIX,ck.ads.heytapmobi.com
- DOMAIN-SUFFIX,stg-data.ads.heytapmobi.com
- DOMAIN-SUFFIX,cl-data.ads.heytapmobi.com
- DOMAIN-SUFFIX,adx.ads.heytapmobi.com
- DOMAIN-SUFFIX,vzttq.brfvyrrp.com
- DOMAIN-SUFFIX,xjwhtz8.com
- DOMAIN-SUFFIX,multi-az-ad.kuaishou.com
- DOMAIN-SUFFIX,ad.e.kuaishou.com
- DOMAIN-SUFFIX,aqdlt.com
- DOMAIN-SUFFIX,mads.meituan.com
- DOMAIN-SUFFIX,adsbdfs.heytapimage.com
- DOMAIN-SUFFIX,adsfs.heytapimage.com
- DOMAIN-SUFFIX,dadatuwz.com
- DOMAIN-SUFFIX,dsp.fcbox.com
- DOMAIN-SUFFIX,hugelog.fcbox.com
- DOMAIN-SUFFIX,business-api.tiktok.com
- DOMAIN-SUFFIX,ads-api.tiktok.com
- DOMAIN-SUFFIX,analytics-sg.tiktok.com
- DOMAIN-SUFFIX,ads.tiktok.com
- DOMAIN-SUFFIX,ads-sg.tiktok.com
- DOMAIN-SUFFIX,analytics.tiktok.com
- DOMAIN-SUFFIX,qxwoiv.com
- DOMAIN-SUFFIX,ziweuu.com
- DOMAIN-SUFFIX,ad-sdk-config.youdao.com
- DOMAIN-SUFFIX,smetrics.samsung.com
- DOMAIN-SUFFIX,nmetrics.samsung.com
- DOMAIN-SUFFIX,optimus-ads.amap.com
- DOMAIN-SUFFIX,v6-adashx.ut.amap.com
- DOMAIN-SUFFIX,ads-drcn.platform.hihonorcloud.com
- DOMAIN-SUFFIX,metrics-ad-drcn.dt.hihonorcloud.com
- DOMAIN-SUFFIX,miav-cse.avlyun.com
- DOMAIN-SUFFIX,miui-fxcse.avlyun.com
- DOMAIN-SUFFIX,shouldercommandmentlimitless.com
- DOMAIN-SUFFIX,xxsmtz7.com
- DOMAIN-SUFFIX,img.175532.com
- DOMAIN-SUFFIX,666hh999gg.com
- DOMAIN-SUFFIX,cdn-cbd-advert-prod.shuxinyc.com
- DOMAIN-SUFFIX,line.txwlwwvvimg.com
- DOMAIN-SUFFIX,ad.oceanengine.com
- DOMAIN-SUFFIX,afqgqg4e.com
- DOMAIN-SUFFIX,adx.ads.oppomobile.com
- DOMAIN-SUFFIX,ck.ads.oppomobile.com
- DOMAIN-SUFFIX,cm.ads.oppomobile.com
- DOMAIN-SUFFIX,data.ads.oppomobile.com
- DOMAIN-SUFFIX,adsfs.oppomobile.com
- DOMAIN-SUFFIX,advertising.apple.com
- DOMAIN-SUFFIX,iadsdk.apple.com
- DOMAIN-SUFFIX,notes-analytics-events.apple.com
- DOMAIN-SUFFIX,weather-analytics-events.apple.com
- DOMAIN-SUFFIX,api-adservices.apple.com
- DOMAIN-SUFFIX,books-analytics-events.apple.com
- DOMAIN-SUFFIX,jcreje.com
- DOMAIN-SUFFIX,gemini.yahoo.com
- DOMAIN-SUFFIX,analytics.yahoo.com
- DOMAIN-SUFFIX,geo.yahoo.com
- DOMAIN-SUFFIX,analytics.query.yahoo.com
- DOMAIN-SUFFIX,udc.yahoo.com
- DOMAIN-SUFFIX,ads.yahoo.com
- DOMAIN-SUFFIX,log.fc.yahoo.com
- DOMAIN-SUFFIX,partnerads.ysm.yahoo.com
- DOMAIN-SUFFIX,udcm.yahoo.com
- DOMAIN-SUFFIX,advertising.yahoo.com
- DOMAIN-SUFFIX,ads.pinterest.com
- DOMAIN-SUFFIX,trk.pinterest.com
- DOMAIN-SUFFIX,analytics.pinterest.com
- DOMAIN-SUFFIX,log.pinterest.com
- DOMAIN-SUFFIX,freshmarketer.com
- DOMAIN-SUFFIX,api.adserver.jvmai.com
- DOMAIN-SUFFIX,app2.10090dfs.com
- DOMAIN-SUFFIX,dwyeuy.com
- DOMAIN-SUFFIX,ads-video-1251524319.cos.ap-shanghai.myqcloud.com
- DOMAIN-SUFFIX,uu5512uu.com
- DOMAIN-SUFFIX,logbak.hicloud.com
- DOMAIN-SUFFIX,metrics2.data.hicloud.com
- DOMAIN-SUFFIX,metrics.data.hicloud.com
- DOMAIN-SUFFIX,grs.hicloud.com
- DOMAIN-SUFFIX,logservice.hicloud.com
- DOMAIN-SUFFIX,logservice1.hicloud.com
- DOMAIN-SUFFIX,ads.youtube.com
- DOMAIN-SUFFIX,a-remad.qm989.com
- DOMAIN-SUFFIX,xjwhtz2.com
- DOMAIN-SUFFIX,mouseflow.com
- DOMAIN-SUFFIX,sentry-app.ireader.com
- DOMAIN-SUFFIX,xjwhtz6.com
- DOMAIN-SUFFIX,miaozhen.com
- DOMAIN-SUFFIX,xjwhtz7.com
- DOMAIN-SUFFIX,wildwist.com
- DOMAIN-SUFFIX,xmadsdk.cos.tx.xmcdn.com
- DOMAIN-SUFFIX,xjwhtz3.com
- DOMAIN-SUFFIX,api.installer.xiaomi.com
- DOMAIN-SUFFIX,sdkconfig.ad.xiaomi.com
- DOMAIN-SUFFIX,api.ad.xiaomi.com
- DOMAIN-SUFFIX,data.mistat.xiaomi.com
- DOMAIN-SUFFIX,data.mistat.india.xiaomi.com
- DOMAIN-SUFFIX,a0.app.xiaomi.com
- DOMAIN-SUFFIX,data.mistat.rus.xiaomi.com
- DOMAIN-SUFFIX,sdkconfig.ad.intl.xiaomi.com
- DOMAIN-SUFFIX,uu8811uu.com
- DOMAIN-SUFFIX,open-set-api.shenshiads.com
- DOMAIN-SUFFIX,click.googleanalytics.com
- DOMAIN-SUFFIX,ad-monitor.sh9130.com
- DOMAIN-SUFFIX,xjwhtz4.com
- DOMAIN-SUFFIX,applog.snssdk.com
- DOMAIN-SUFFIX,i.snssdk.com
- DOMAIN-SUFFIX,pangolin.snssdk.com
- DOMAIN-SUFFIX,www.9129666tp.com
- DOMAIN-SUFFIX,ad.partner.gifshow.com
- DOMAIN-SUFFIX,ctobsnssdk.com
- DOMAIN-SUFFIX,log.byteoversea.com
- DOMAIN-SUFFIX,volcsirius.com
- DOMAIN-SUFFIX,dm.kantsuu.com
- DOMAIN-SUFFIX,xxsmtz9.com
- DOMAIN-SUFFIX,ef9i0f3oev47.com
- DOMAIN-SUFFIX,mobads-pre-config.cdn.bcebos.com
- DOMAIN-SUFFIX,pmp-ad.cdn.bcebos.com
- DOMAIN-SUFFIX,mbads.paas.cmbchina.com
- DOMAIN-SUFFIX,janapi.jd.com
- DOMAIN-SUFFIX,xlog.jd.com
- DOMAIN-SUFFIX,dsp-x.jd.com
- DOMAIN-SUFFIX,dgstatic.jd.com
- DOMAIN-SUFFIX,996js123.com
- DOMAIN-SUFFIX,pglstatp-toutiao.com
- DOMAIN-SUFFIX,opencdnpddvod2.jomodns.com
- DOMAIN-SUFFIX,afs.googlesyndication.com
- DOMAIN-SUFFIX,tpc.googlesyndication.com
- DOMAIN-SUFFIX,pagead2.googlesyndication.com
- DOMAIN-SUFFIX,ad.mcloud.139.com
- DOMAIN-SUFFIX,xjwhtz10.com
- DOMAIN-SUFFIX,api-ad-adapter-sg.wps.com
- DOMAIN-SUFFIX,tu.mt20230625tu.com
- DOMAIN-SUFFIX,ads.iosappsworld.com
- DOMAIN-SUFFIX,xxsmtz1.com
- DOMAIN-SUFFIX,fc.3dmgame.com
- DOMAIN-SUFFIX,adservice.google.com
- DOMAIN-SUFFIX,analytics.google.com
- DOMAIN-SUFFIX,adsmind.gdtimg.com.svideolego-dk.sched.dcloudstc.com
- DOMAIN-SUFFIX,ads-video-al.xhscdn.com
- DOMAIN-SUFFIX,ads-img-al.xhscdn.com
- DOMAIN-SUFFIX,yinyouapp.com
- DOMAIN-SUFFIX,leads.baidu.com
- DOMAIN-SUFFIX,mobads.baidu.com
- DOMAIN-SUFFIX,ads.huawei.com
- DOMAIN-SUFFIX,cg-pao-tu.nanyanglk.com
- DOMAIN-SUFFIX,xxsmtz3.com
- DOMAIN-SUFFIX,ads.sunmaker.com
- DOMAIN-SUFFIX,adserving-oss.bangdao-tech.com
- DOMAIN-SUFFIX,qxaz2xcw.com
- DOMAIN-SUFFIX,mssdk-bu.bytedance.com
- DOMAIN-SUFFIX,two.fsylr.com
- DOMAIN-SUFFIX,one.fsylr.com
- DOMAIN-SUFFIX,ad.zui.com
- DOMAIN-SUFFIX,aqdz149.com
- DOMAIN-SUFFIX,luckyorange.com
- DOMAIN-SUFFIX,adsdk.state.duoku.com
- DOMAIN-SUFFIX,static.ads-twitter.com
- DOMAIN-SUFFIX,na61-na62.wagbridge.advertisement.tanx.com
- DOMAIN-SUFFIX,opehs.tanx.com
- DOMAIN-SUFFIX,pagead2.googleadservices.com
- DOMAIN-SUFFIX,google-analytics.com
- DOMAIN-SUFFIX,adx.halomobi.com
- DOMAIN-SUFFIX,creative.medproad.com
- DOMAIN-SUFFIX,tracker.medproad.com
- DOMAIN-SUFFIX,adtracker.medproad.com
- DOMAIN-SUFFIX,adsfilebssdlbig.ali.kugou.com
- DOMAIN-SUFFIX,adsfile20.bssdlbig.kugou.com
- DOMAIN-SUFFIX,adsfileretry.service.kugou.com
- DOMAIN-SUFFIX,ads.ysepay.com
- DOMAIN-SUFFIX,monitor.ads.8le8le.com
- DOMAIN-SUFFIX,sikncs.com
- DOMAIN-SUFFIX,sncop.uioozpxq.com
- DOMAIN-SUFFIX,metrics.mzstatic.com
- DOMAIN-SUFFIX,xjwhtz9.com
- DOMAIN-SUFFIX,pixel.facebook.com
- DOMAIN-SUFFIX,an.facebook.com
- DOMAIN-SUFFIX,b2.ghj7l.com
- DOMAIN-SUFFIX,kqzyfj.com
- DOMAIN-SUFFIX,a.tyncar.com
- DOMAIN-SUFFIX,app.getsentry.com
- DOMAIN-SUFFIX,ad-trace.lenovomm.com
- DOMAIN-SUFFIX,ad-sdk.lenovomm.com
- DOMAIN-SUFFIX,o2o-ad-dev.oss-cn-shanghai.aliyuncs.com.gds.alibabadns.com
- DOMAIN-SUFFIX,aiclk.com
- DOMAIN-SUFFIX,ads.chuanmeixing.com
- DOMAIN-SUFFIX,ali2.a.yximgs.com
- DOMAIN-SUFFIX,hw-ot-ad.a.yximgs.com
- DOMAIN-SUFFIX,aqdz91.com
- DOMAIN-SUFFIX,adx-bj.anythinktech.com
- DOMAIN-SUFFIX,bdapi-in-ads.realmemobile.com
- DOMAIN-SUFFIX,bdapi-ads.realmemobile.com
- DOMAIN-SUFFIX,events.redditmedia.com
- DOMAIN-SUFFIX,d.6xw.com
- DOMAIN-SUFFIX,ad.juksy.com
- DOMAIN-SUFFIX,dkweuy.com
- DOMAIN-SUFFIX,ymdxl.com
- DOMAIN-SUFFIX,xj-oss.com
- DOMAIN-SUFFIX,kde.qq.com
- DOMAIN-SUFFIX,advert-prod.hyrz.qq.com
- DOMAIN-SUFFIX,settings.ttwebview.com
- DOMAIN-SUFFIX,ads.tvb.com
- DOMAIN-SUFFIX,ad.qingcigame.com
- DOMAIN-SUFFIX,zhengliyqq.com
- DOMAIN-SUFFIX,adx.36kr.com
- DOMAIN-SUFFIX,events.reddit.com
- DOMAIN-SUFFIX,1iuh5l.com
- DOMAIN-SUFFIX,n0611.com
- DOMAIN-SUFFIX,pangolin-sdk-toutiao1.com
- DOMAIN-SUFFIX,open.kuaishouzt.com
- DOMAIN-SUFFIX,localads.chengzijianzhan.cn.queniurc.com
- DOMAIN-SUFFIX,data-ads.oneplusmobile.com
- DOMAIN-SUFFIX,kmqianneng66.com
- DOMAIN-SUFFIX,u40pdqw.com
- DOMAIN-SUFFIX,iadsdk.qtlcdn.com
- DOMAIN-SUFFIX,xn--mts60is5y5uk.com
- DOMAIN-SUFFIX,1200555.com
- DOMAIN-SUFFIX,dun8qk8.lkmxqq.com
- DOMAIN-SUFFIX,adsmartgetqtt.guangtuikeji.com
- DOMAIN-SUFFIX,adtech.yahooinc.com
- DOMAIN-SUFFIX,analytics.pointdrive.linkedin.com
- DOMAIN-SUFFIX,ads.linkedin.com
- DOMAIN-SUFFIX,fpoyvjgdm.com
- DOMAIN-SUFFIX,browser.sentry-cdn.com
- DOMAIN-SUFFIX,wcp.taobao.com
- DOMAIN-SUFFIX,h-adashx4bc.ut.taobao.com
- DOMAIN-SUFFIX,mos.m.taobao.com
- DOMAIN-SUFFIX,s.click.taobao.com
- DOMAIN-SUFFIX,ads.ubestkid.com
- DOMAIN-SUFFIX,xxsmtz4.com
- DOMAIN-SUFFIX,samsungads.com
- DOMAIN-SUFFIX,ad.xmmnsl.com
- DOMAIN-SUFFIX,ads.inmobi.com
- DOMAIN-SUFFIX,ad.99jiasu.com
- DOMAIN-SUFFIX,ad.oceanengine.com.queniukw.com
- DOMAIN-SUFFIX,is.snssdk.com.queniukw.com
- DOMAIN-SUFFIX,img.911787.com
- DOMAIN-SUFFIX,ad.xunkids.com
- DOMAIN-SUFFIX,analytics-api.samsunghealthcn.com
- DOMAIN-SUFFIX,iot-logser.realme.com
- DOMAIN-SUFFIX,iot-eu-logser.realme.com
- DOMAIN-SUFFIX,api.jietuhb.com
- DOMAIN-SUFFIX,mktadsodr.ppdai.com
- DOMAIN-SUFFIX,p10528-ad-server.ejoy.com
- DOMAIN-SUFFIX,tnc3-alisc1.zijieapi.com.queniuyk.com
- DOMAIN-SUFFIX,api-access.pangolin-sdk-toutiao.com.queniuyk.com
- DOMAIN-SUFFIX,weilayun.com
- DOMAIN-SUFFIX,metrics.icloud.com
- DOMAIN-SUFFIX,ad.hot-mob.com
- DOMAIN-SUFFIX,adsmind.ugdtimg.com
- DOMAIN-SUFFIX,p1-lm.adukwai.com
- DOMAIN-SUFFIX,ulogs.umeng.com
- DOMAIN-SUFFIX,aaid.umeng.com
- DOMAIN-SUFFIX,skadsdk.appsflyer.com
- DOMAIN-SUFFIX,websgsadvert.sanguosha.com
- DOMAIN-SUFFIX,adsdk.9imobi.com
- DOMAIN-SUFFIX,o2o-ad-log-gateway.alibaba.com
- DOMAIN-SUFFIX,mernrza.com
- DOMAIN-SUFFIX,xxsmtz6.com
- DOMAIN-SUFFIX,ad-ga.nocode.com
- DOMAIN-SUFFIX,99886aaa.com
- DOMAIN-SUFFIX,tfcdn.jingmiuyyds.com
- DOMAIN-SUFFIX,renrenkanpian.com
- DOMAIN-SUFFIX,xxsmtz8.com
- DOMAIN-SUFFIX,cross-ad-api.afunapp.com
- DOMAIN-SUFFIX,c.ads.rgyun.com
- DOMAIN-SUFFIX,imp.ads.rgyun.com
- DOMAIN-SUFFIX,jsx.luyouwang.com
- DOMAIN-SUFFIX,stats.wp.com
- DOMAIN-SUFFIX,ads.ishansong.com
- DOMAIN-SUFFIX,dm.video.weibocdn.com
- DOMAIN-SUFFIX,ads.lejuliang.com
- DOMAIN-SUFFIX,hfisngksng.com
- DOMAIN-SUFFIX,xxsmtz10.com
- DOMAIN-SUFFIX,v6-novelapp-nxyd.fqnovelvod.com
- DOMAIN-SUFFIX,xxsmtz5.com
- DOMAIN-SUFFIX,ads.95516.com
- DOMAIN-SUFFIX,jciwztfj.com
- DOMAIN-SUFFIX,ads.aralego.com
- DOMAIN-SUFFIX,ad.letmeads.com
- DOMAIN-SUFFIX,a-qmad.qimao.com
- DOMAIN-SUFFIX,ads-shopping.shouqianba.com
- DOMAIN-SUFFIX,ad.zhuanzhuan.com
- DOMAIN-SUFFIX,s364-ad-canl5.nbjz.db9w.com
- DOMAIN-SUFFIX,opencdnpddpic2.cdn.vsjwtcdn.com
- DOMAIN-SUFFIX,vegslb.com
- DOMAIN-SUFFIX,ads.chinaums.com
- DOMAIN-SUFFIX,lh1dki82.com
- DOMAIN-SUFFIX,ue8im.com
- DOMAIN-SUFFIX,lh49dki80.com
- DOMAIN-SUFFIX,catalog.gamepass.com
- DOMAIN-SUFFIX,apps.bytesfield.com
- DOMAIN-SUFFIX,xxsmtz2.com
- DOMAIN-SUFFIX,ads.themoneytizer.com
- DOMAIN-SUFFIX,image-ad.sm.cn
- DOMAIN-SUFFIX,content-understand-strategy.sm.cn
- DOMAIN-SUFFIX,sdk-log.partner.sm.cn
- DOMAIN-SUFFIX,ai.advertisement.alibabacorp.sm.cn
- DOMAIN-SUFFIX,advert.swiftpass.cn
- DOMAIN-SUFFIX,st-ads-jssdk.vivo.com.cn
- DOMAIN-SUFFIX,uapi-ads.vivo.com.cn
- DOMAIN-SUFFIX,st-adsgame.vivo.com.cn
- DOMAIN-SUFFIX,ads.cup.com.cn
- DOMAIN-SUFFIX,dm.wo.com.cn
- DOMAIN-SUFFIX,tp4sul.jwzd.com.cn
- DOMAIN-SUFFIX,click.oneplus.cn
- DOMAIN-SUFFIX,mkt-advertisement.tuhu.cn
- DOMAIN-SUFFIX,partner.uc.cn
- DOMAIN-SUFFIX,sx.fakjkwp.cn
- DOMAIN-SUFFIX,multi-az-ad.kuaishou.cn
- DOMAIN-SUFFIX,ad.k98y.cn
- DOMAIN-SUFFIX,ads.zhinengxiyifang.cn
- DOMAIN-SUFFIX,ad-r.soulapp.cn
- DOMAIN-SUFFIX,soul-ad.soulapp.cn
- DOMAIN-SUFFIX,ad-audit-provider.soulapp.cn
- DOMAIN-SUFFIX,api.open.adsaide.cn
- DOMAIN-SUFFIX,union.w.inmobi.cn
- DOMAIN-SUFFIX,trc-sdk.inmobi.cn
- DOMAIN-SUFFIX,sdk-infra.inmobi.cn
- DOMAIN-SUFFIX,telemetry-sdk-metrics.inmobi.cn
- DOMAIN-SUFFIX,adservice.aiyouaiyou.cn
- DOMAIN-SUFFIX,sdkcfg.adintl.cn
- DOMAIN-SUFFIX,sv.adintl.cn
- DOMAIN-SUFFIX,sdklog.adintl.cn
- DOMAIN-SUFFIX,adserviceretry.kglink.cn
- DOMAIN-SUFFIX,localads.chengzijianzhan.cn
- DOMAIN-SUFFIX,ads-lb.serving-sys.cn
- DOMAIN-SUFFIX,ads.serving-sys.cn
- DOMAIN-SUFFIX,mg.xhkvff.cn
- DOMAIN-SUFFIX,cengqinglin.cn
- DOMAIN-SUFFIX,dig.zjurl.cn
- DOMAIN-SUFFIX,4a9.cn
- DOMAIN-SUFFIX,telecome.cn
- DOMAIN-SUFFIX,bjm.1vkx.cn
- DOMAIN-SUFFIX,y4n.cn
- DOMAIN-SUFFIX,business-ad.cdn-go.cn
- DOMAIN-SUFFIX,configv2.unityads.unitychina.cn
- DOMAIN-SUFFIX,dr.mlcuzee.cn
- DOMAIN-SUFFIX,3p4.cn
- DOMAIN-SUFFIX,adscfg.togothermany.cn
- DOMAIN-SUFFIX,ads.lingyuexiu.cn
- DOMAIN-SUFFIX,srtb.msn.cn
- DOMAIN-SUFFIX,zs.rzijjeb.cn
- DOMAIN-SUFFIX,4pn.cn
- DOMAIN-SUFFIX,u7x.cn
- DOMAIN-SUFFIX,joiwnq2.cn
- DOMAIN-SUFFIX,mlstx.cn
- DOMAIN-SUFFIX,ads.lejuliang.cn
- DOMAIN-SUFFIX,ads.bjlxin.cn
- DOMAIN-SUFFIX,ad.tk.cn
- DOMAIN-SUFFIX,s2s.adjust.cn
- DOMAIN-SUFFIX,ads.uutest.cn
- DOMAIN-SUFFIX,xn860wu.vlxue.cn
- DOMAIN-SUFFIX,ad.cyapi.cn
- DOMAIN-SUFFIX,mc.mwgpg.cn
- DOMAIN-SUFFIX,cdn.wwads.cn
- DOMAIN-SUFFIX,pm.poqwua.cn
- DOMAIN-SUFFIX,hlryzsqo.icu
- DOMAIN-SUFFIX,vjyaghdw.icu
- DOMAIN-SUFFIX,fq67.top
- DOMAIN-SUFFIX,cos1999.top
- DOMAIN-SUFFIX,dpjzr.top
- DOMAIN-SUFFIX,files.xtpag.top
- DOMAIN-SUFFIX,ouiokaq.top
- DOMAIN-SUFFIX,bobobo6688.top
- DOMAIN-SUFFIX,wl.uqwjdhgv.top
- DOMAIN-SUFFIX,x61.inyvf.top
- DOMAIN-SUFFIX,dhkqqe.top
- DOMAIN-SUFFIX,yu.dlxxjsh.top
- DOMAIN-SUFFIX,cosmo202.top
- DOMAIN-SUFFIX,yruadj.top
- DOMAIN-SUFFIX,w94.1qlgi.top
- DOMAIN-SUFFIX,sm-cloud.yunsafe.top
- DOMAIN-SUFFIX,xiaoshuotxt668.org
- DOMAIN-SUFFIX,theweeklydonut.org
- DOMAIN-SUFFIX,adskp.org
- DOMAIN-SUFFIX,googleads.g.doubleclick.nes
- DOMAIN-SUFFIX,ads.superawesome.tv
- DOMAIN-SUFFIX,api-htp.beizi.biz
- DOMAIN-SUFFIX,sdk.beizi.biz
- DOMAIN-SUFFIX,lafacw.xyz
- DOMAIN-SUFFIX,img.ayghbngnazh.xyz
- DOMAIN-SUFFIX,776.jstatic.xyz
- DOMAIN-SUFFIX,zhibo128x1.xyz
- DOMAIN-SUFFIX,ad.886112.xyz
- DOMAIN-SUFFIX,img.zhangilihew.xyz
- DOMAIN-SUFFIX,img.mjhsghnwg.xyz
- DOMAIN-SUFFIX,ncbtsdea.xyz
- DOMAIN-SUFFIX,kai5741.xyz
- DOMAIN-SUFFIX,img.juhagngj.xyz
- DOMAIN-SUFFIX,phk.nmkstcrt.xyz
- DOMAIN-SUFFIX,002777.xyz
- DOMAIN-SUFFIX,ra5.xyz
- DOMAIN-SUFFIX,img.wqpamgngnb.xyz
- DOMAIN-SUFFIX,img.syebgng.xyz
- DOMAIN-SUFFIX,img.shznegh.xyz
- DOMAIN-SUFFIX,img.soweonglsh.xyz
- DOMAIN-SUFFIX,img.huanagyehgn.xyz
- DOMAIN-SUFFIX,bilec.xyz
- DOMAIN-SUFFIX,dfqzah.xyz
- DOMAIN-SUFFIX,p97387hj.xyz
- DOMAIN-SUFFIX,dian.brecm.xyz
- DOMAIN-SUFFIX,beacher56.xyz
- DOMAIN-SUFFIX,ad-display.diwodiwo.xyz
- DOMAIN-SUFFIX,okmwfq.xyz
- DOMAIN-SUFFIX,ydxdg.xyz
- DOMAIN-SUFFIX,666579.xyz
- DOMAIN-SUFFIX,aziekg.xyz
- DOMAIN-SUFFIX,cadke.xyz
- DOMAIN-SUFFIX,img.yuwhehan.xyz
- DOMAIN-SUFFIX,awoudsoo.xyz
- DOMAIN-SUFFIX,aafns.xyz
- DOMAIN-SUFFIX,noafoaji.xyz
- DOMAIN-SUFFIX,pnez8.rut6m.xyz
- DOMAIN-SUFFIX,ra1.xyz
- DOMAIN-SUFFIX,img.leiahngiuheong.xyz
- DOMAIN-SUFFIX,bcnsport.us
- DOMAIN-SUFFIX,scenery.hk
- DOMAIN-SUFFIX,xiedao.hk
- DOMAIN-SUFFIX,media.net
- DOMAIN-SUFFIX,stats.g.doubleclick.net
- DOMAIN-SUFFIX,googleads.g.doubleclick.net
- DOMAIN-SUFFIX,mediavisor.doubleclick.net
- DOMAIN-SUFFIX,ad.doubleclick.net
- DOMAIN-SUFFIX,static.doubleclick.net
- DOMAIN-SUFFIX,m.doubleclick.net
- DOMAIN-SUFFIX,smad.ms.zhangyue.net
- DOMAIN-SUFFIX,saad.ms.zhangyue.net
- DOMAIN-SUFFIX,d24fnxkxwarvg8.cloudfront.net
- DOMAIN-SUFFIX,extmaps-api.yandex.net
- DOMAIN-SUFFIX,offerwall.yandex.net
- DOMAIN-SUFFIX,sdkconfig.ad.xiaomi.com.mshome.net
- DOMAIN-SUFFIX,bsccdn.net
- DOMAIN-SUFFIX,st-fly.b-cdn.net
- DOMAIN-SUFFIX,b10.justacdn.net
- DOMAIN-SUFFIX,t.jmads.net
- DOMAIN-SUFFIX,sdk.1rtb.net
- DOMAIN-SUFFIX,zlsdk.1rtb.net
- DOMAIN-SUFFIX,share.jileme.net
- DOMAIN-SUFFIX,ads3.fingersoft.net
- DOMAIN-SUFFIX,settings.luckyorange.net
- DOMAIN-SUFFIX,upload.luckyorange.net
- DOMAIN-SUFFIX,cs.luckyorange.net
- DOMAIN-SUFFIX,ads5-normal-lq.zijieapi.com.c.dsa.cdnbuild.net
- DOMAIN-SUFFIX,dig.bdurl.net
- DOMAIN-SUFFIX,line3-adscore-api.biligame.net
- DOMAIN-SUFFIX,samsung-com.112.2o7.net
- DOMAIN-SUFFIX,pixoctopus.pixnet.net
- DOMAIN-SUFFIX,nosup-jd1.127.net
- DOMAIN-SUFFIX,open.oneplus.net
- DOMAIN-SUFFIX,partnerads-test.ysm.yahoo.net
- DOMAIN-SUFFIX,itadapi.ithome.com.tw
- DOMAIN-SUFFIX,ad.u-car.com.tw
- DOMAIN-SUFFIX,kdpic.pchome.com.tw
- DOMAIN-SUFFIX,adbot.tw
- DOMAIN-SUFFIX,adserv.ontek.com.tr
- DOMAIN-SUFFIX,ig65.vip
- DOMAIN-SUFFIX,n55cpw.vip
- DOMAIN-SUFFIX,ig67.vip
- DOMAIN-SUFFIX,yh.yanghetp.vip
- DOMAIN-SUFFIX,ig66.vip
- DOMAIN-SUFFIX,n55ylc001.vip
- DOMAIN-SUFFIX,eq.af31f.site
- DOMAIN-SUFFIX,ads.adfox.ru
- DOMAIN-SUFFIX,appmetrica.yandex.ru
- DOMAIN-SUFFIX,advertising.yandex.ru
- DOMAIN-SUFFIX,adfstat.yandex.ru
- DOMAIN-SUFFIX,metrika.yandex.ru
- DOMAIN-SUFFIX,adfox.yandex.ru
- DOMAIN-SUFFIX,ad.tianmu.mobi
- DOMAIN-SUFFIX,sdk.alibaba.com.ailbaba.me
- DOMAIN-SUFFIX,wkzw.me
- DOMAIN-SUFFIX,v6-adashx.ut.ele.me
- DOMAIN-SUFFIX,lbs.netease.im
- DOMAIN-SUFFIX,ads.api.fakeloc.cc
- DOMAIN-SUFFIX,tu0379199038.cc
- DOMAIN-SUFFIX,mm.wxc.cc
- DOMAIN-SUFFIX,xmm.wxc.cc
- DOMAIN-SUFFIX,ads.api.lerist.cc
- DOMAIN-SUFFIX,tu5551976196.cc
- DOMAIN-SUFFIX,xn--2ss830adjbqy7h.xn--fiqs8s
- DOMAIN-SUFFIX,ads5-normal-lf.zijieapi.com.skyworth
- DOMAIN-SUFFIX,ads3-normal-lf.zijieapi.com.skyworth
- DOMAIN-SUFFIX,sis.jpush.io
- DOMAIN-SUFFIX,ms-ads-monitoring-events.presage.io
- DOMAIN-SUFFIX,events.hotjar.io
- DOMAIN-SUFFIX,98765.pw
- DOMAIN-SUFFIX,jp.twww.sbs
- DOMAIN-SUFFIX,adserver.html.it
- DOMAIN-SUFFIX,adsdkapi.dxys.pro
- DOMAIN-SUFFIX,kiwibrowser.org
- DOMAIN,img-c.heytapimage.com
- DOMAIN,adsbdfs.heytapimage.com
- DOMAIN,adsfs.heytapimage.com
- DOMAIN-KEYWORD,porn
- DOMAIN-KEYWORD,js96110
- DOMAIN-SUFFIX,googletagmanager.com
