payload:
- DOMAIN-SUFFIX,pixoctopus.pixnet.net
- DOMAIN-SUFFIX,offerwall.yandex.net
- DOMAIN-SUFFIX,extmaps-api.yandex.net
- DOMAIN-SUFFIX,mediavisor.doubleclick.net
- DOMAIN-SUFFIX,ad.doubleclick.net
- DOMAIN-SUFFIX,m.doubleclick.net
- DOMAIN-SUFFIX,stats.g.doubleclick.net
- DOMAIN-SUFFIX,static.doubleclick.net
- DOMAIN-SUFFIX,d24fnxkxwarvg8.cloudfront.net
- DOMAIN-SUFFIX,media.net
- DOMAIN-SUFFIX,samsung-com.112.2o7.net
- DOMAIN-SUFFIX,cs.luckyorange.net
- DOMAIN-SUFFIX,upload.luckyorange.net
- DOMAIN-SUFFIX,settings.luckyorange.net
- DOMAIN-SUFFIX,open.oneplus.net
- DOMAIN-SUFFIX,st-fly.b-cdn.net
- DOMAIN-SUFFIX,b10.justacdn.net
- DOMAIN-SUFFIX,99886aaa.com
- DOMAIN-SUFFIX,xj-oss.com
- DOMAIN-SUFFIX,data.ads.oppomobile.com
- DOMAIN-SUFFIX,ck.ads.oppomobile.com
- DOMAIN-SUFFIX,adx.ads.oppomobile.com
- DOMAIN-SUFFIX,adsfs.oppomobile.com
- DOMAIN-SUFFIX,1iuh5l.com
- DOMAIN-SUFFIX,ymdxl.com
- DOMAIN-SUFFIX,mouseflow.com
- DOMAIN-SUFFIX,luckyorange.com
- DOMAIN-SUFFIX,log.byteoversea.com
- DOMAIN-SUFFIX,xxsmtz5.com
- DOMAIN-SUFFIX,click.googleanalytics.com
- DOMAIN-SUFFIX,browser.sentry-cdn.com
- DOMAIN-SUFFIX,log.pinterest.com
- DOMAIN-SUFFIX,trk.pinterest.com
- DOMAIN-SUFFIX,analytics.pinterest.com
- DOMAIN-SUFFIX,ads.pinterest.com
- DOMAIN-SUFFIX,u40pdqw.com
- DOMAIN-SUFFIX,log.fc.yahoo.com
- DOMAIN-SUFFIX,udc.yahoo.com
- DOMAIN-SUFFIX,partnerads.ysm.yahoo.com
- DOMAIN-SUFFIX,gemini.yahoo.com
- DOMAIN-SUFFIX,ads.yahoo.com
- DOMAIN-SUFFIX,analytics.yahoo.com
- DOMAIN-SUFFIX,udcm.yahoo.com
- DOMAIN-SUFFIX,geo.yahoo.com
- DOMAIN-SUFFIX,analytics.query.yahoo.com
- DOMAIN-SUFFIX,n0611.com
- DOMAIN-SUFFIX,freshmarketer.com
- DOMAIN-SUFFIX,insights.hotjar.com
- DOMAIN-SUFFIX,surveys.hotjar.com
- DOMAIN-SUFFIX,script.hotjar.com
- DOMAIN-SUFFIX,careers.hotjar.com
- DOMAIN-SUFFIX,adm.hotjar.com
- DOMAIN-SUFFIX,identify.hotjar.com
- DOMAIN-SUFFIX,kmqianneng66.com
- DOMAIN-SUFFIX,ef9i0f3oev47.com
- DOMAIN-SUFFIX,xjwhtz9.com
- DOMAIN-SUFFIX,xxsmtz4.com
- DOMAIN-SUFFIX,fc.3dmgame.com
- DOMAIN-SUFFIX,adtago.s3.amazonaws.com
- DOMAIN-SUFFIX,analyticsengine.s3.amazonaws.com
- DOMAIN-SUFFIX,advice-ads.s3.amazonaws.com
- DOMAIN-SUFFIX,analytics.s3.amazonaws.com
- DOMAIN-SUFFIX,ads.tiktok.com
- DOMAIN-SUFFIX,ads-sg.tiktok.com
- DOMAIN-SUFFIX,business-api.tiktok.com
- DOMAIN-SUFFIX,ads-api.tiktok.com
- DOMAIN-SUFFIX,analytics-sg.tiktok.com
- DOMAIN-SUFFIX,analytics.tiktok.com
- DOMAIN-SUFFIX,1200555.com
- DOMAIN-SUFFIX,iot-eu-logser.realme.com
- DOMAIN-SUFFIX,iot-logser.realme.com
- DOMAIN-SUFFIX,data.mistat.india.xiaomi.com
- DOMAIN-SUFFIX,sdkconfig.ad.xiaomi.com
- DOMAIN-SUFFIX,api.ad.xiaomi.com
- DOMAIN-SUFFIX,data.mistat.rus.xiaomi.com
- DOMAIN-SUFFIX,sdkconfig.ad.intl.xiaomi.com
- DOMAIN-SUFFIX,data.mistat.xiaomi.com
- DOMAIN-SUFFIX,cg-pao-tu.nanyanglk.com
- DOMAIN-SUFFIX,uu8811uu.com
- DOMAIN-SUFFIX,a.tyncar.com
- DOMAIN-SUFFIX,ads.linkedin.com
- DOMAIN-SUFFIX,analytics.pointdrive.linkedin.com
- DOMAIN-SUFFIX,666hh999gg.com
- DOMAIN-SUFFIX,pixel.facebook.com
- DOMAIN-SUFFIX,an.facebook.com
- DOMAIN-SUFFIX,google-analytics.com
- DOMAIN-SUFFIX,xxsmtz10.com
- DOMAIN-SUFFIX,ad.juksy.com
- DOMAIN-SUFFIX,fpoyvjgdm.com
- DOMAIN-SUFFIX,aizhantj.com
- DOMAIN-SUFFIX,metrics.mzstatic.com
- DOMAIN-SUFFIX,notes-analytics-events.apple.com
- DOMAIN-SUFFIX,iadsdk.apple.com
- DOMAIN-SUFFIX,books-analytics-events.apple.com
- DOMAIN-SUFFIX,api-adservices.apple.com
- DOMAIN-SUFFIX,weather-analytics-events.apple.com
- DOMAIN-SUFFIX,xjwhtz5.com
- DOMAIN-SUFFIX,xxsmtz3.com
- DOMAIN-SUFFIX,mernrza.com
- DOMAIN-SUFFIX,adserver.unityads.unity3d.com
- DOMAIN-SUFFIX,config.unityads.unity3d.com
- DOMAIN-SUFFIX,auction.unityads.unity3d.com
- DOMAIN-SUFFIX,webview.unityads.unity3d.com
- DOMAIN-SUFFIX,qxwoiv.com
- DOMAIN-SUFFIX,notify.bugsnag.com
- DOMAIN-SUFFIX,app.bugsnag.com
- DOMAIN-SUFFIX,api.bugsnag.com
- DOMAIN-SUFFIX,sessions.bugsnag.com
- DOMAIN-SUFFIX,afs.googlesyndication.com
- DOMAIN-SUFFIX,pagead2.googlesyndication.com
- DOMAIN-SUFFIX,sikncs.com
- DOMAIN-SUFFIX,xxsmtz7.com
- DOMAIN-SUFFIX,jciwztfj.com
- DOMAIN-SUFFIX,events.reddit.com
- DOMAIN-SUFFIX,logservice.hicloud.com
- DOMAIN-SUFFIX,logbak.hicloud.com
- DOMAIN-SUFFIX,metrics.data.hicloud.com
- DOMAIN-SUFFIX,metrics2.data.hicloud.com
- DOMAIN-SUFFIX,grs.hicloud.com
- DOMAIN-SUFFIX,logservice1.hicloud.com
- DOMAIN-SUFFIX,smetrics.samsung.com
- DOMAIN-SUFFIX,nmetrics.samsung.com
- DOMAIN-SUFFIX,yinyouapp.com
- DOMAIN-SUFFIX,wd.adcolony.com
- DOMAIN-SUFFIX,ads30.adcolony.com
- DOMAIN-SUFFIX,events3alt.adcolony.com
- DOMAIN-SUFFIX,adc3-launch.adcolony.com
- DOMAIN-SUFFIX,xxsmtz6.com
- DOMAIN-SUFFIX,xjwhtz7.com
- DOMAIN-SUFFIX,xxsmtz2.com
- DOMAIN-SUFFIX,vzttq.brfvyrrp.com
- DOMAIN-SUFFIX,jsx.luyouwang.com
- DOMAIN-SUFFIX,zhengliyqq.com
- DOMAIN-SUFFIX,app2.10090dfs.com
- DOMAIN-SUFFIX,qxaz2xcw.com
- DOMAIN-SUFFIX,xxsmtz1.com
- DOMAIN-SUFFIX,xxsmtz9.com
- DOMAIN-SUFFIX,xjwhtz2.com
- DOMAIN-SUFFIX,two.fsylr.com
- DOMAIN-SUFFIX,one.fsylr.com
- DOMAIN-SUFFIX,adx.36kr.com
- DOMAIN-SUFFIX,kqzyfj.com
- DOMAIN-SUFFIX,samsungads.com
- DOMAIN-SUFFIX,events.redditmedia.com
- DOMAIN-SUFFIX,ziweuu.com
- DOMAIN-SUFFIX,stats.wp.com
- DOMAIN-SUFFIX,996js123.com
- DOMAIN-SUFFIX,img.911787.com
- DOMAIN-SUFFIX,adservice.google.com
- DOMAIN-SUFFIX,analytics.google.com
- DOMAIN-SUFFIX,sncop.uioozpxq.com
- DOMAIN-SUFFIX,d.6xw.com
- DOMAIN-SUFFIX,shouldercommandmentlimitless.com
- DOMAIN-SUFFIX,xjwhtz10.com
- DOMAIN-SUFFIX,wildwist.com
- DOMAIN-SUFFIX,ue8im.com
- DOMAIN-SUFFIX,xjwhtz6.com
- DOMAIN-SUFFIX,ad.zui.com
- DOMAIN-SUFFIX,ads.tvb.com
- DOMAIN-SUFFIX,dwyeuy.com
- DOMAIN-SUFFIX,pagead2.googleadservices.com
- DOMAIN-SUFFIX,jcreje.com
- DOMAIN-SUFFIX,krbulhb.com
- DOMAIN-SUFFIX,dun8qk8.lkmxqq.com
- DOMAIN-SUFFIX,tracking.rus.miui.com
- DOMAIN-SUFFIX,dkweuy.com
- DOMAIN-SUFFIX,xjwhtz8.com
- DOMAIN-SUFFIX,lh1dki82.com
- DOMAIN-SUFFIX,bdapi-in-ads.realmemobile.com
- DOMAIN-SUFFIX,bdapi-ads.realmemobile.com
- DOMAIN-SUFFIX,app.getsentry.com
- DOMAIN-SUFFIX,xjwhtz4.com
- DOMAIN-SUFFIX,tfcdn.jingmiuyyds.com
- DOMAIN-SUFFIX,xn--mts60is5y5uk.com
- DOMAIN-SUFFIX,ads-api.twitter.com
- DOMAIN-SUFFIX,lh49dki80.com
- DOMAIN-SUFFIX,adtech.yahooinc.com
- DOMAIN-SUFFIX,uu3192uu.com
- DOMAIN-SUFFIX,ad.hot-mob.com
- DOMAIN-SUFFIX,xpjcg.oss-accelerate.aliyuncs.com
- DOMAIN-SUFFIX,renrenkanpian.com
- DOMAIN-SUFFIX,xxsmtz8.com
- DOMAIN-SUFFIX,afqgqg4e.com
- DOMAIN-SUFFIX,analytics-api.samsunghealthcn.com
- DOMAIN-SUFFIX,img.175532.com
- DOMAIN-SUFFIX,hfisngksng.com
- DOMAIN-SUFFIX,dadatuwz.com
- DOMAIN-SUFFIX,ads.youtube.com
- DOMAIN-SUFFIX,static.ads-twitter.com
- DOMAIN-SUFFIX,xjwhtz3.com
- DOMAIN-SUFFIX,dian.brecm.xyz
- DOMAIN-SUFFIX,776.jstatic.xyz
- DOMAIN-SUFFIX,aziekg.xyz
- DOMAIN-SUFFIX,dfqzah.xyz
- DOMAIN-SUFFIX,p97387hj.xyz
- DOMAIN-SUFFIX,002777.xyz
- DOMAIN-SUFFIX,kai5741.xyz
- DOMAIN-SUFFIX,666579.xyz
- DOMAIN-SUFFIX,phk.nmkstcrt.xyz
- DOMAIN-SUFFIX,ad.886112.xyz
- DOMAIN-SUFFIX,zhibo128x1.xyz
- DOMAIN-SUFFIX,okmwfq.xyz
- DOMAIN-SUFFIX,pnez8.rut6m.xyz
- DOMAIN-SUFFIX,beacher56.xyz
- DOMAIN-SUFFIX,ra1.xyz
- DOMAIN-SUFFIX,awoudsoo.xyz
- DOMAIN-SUFFIX,aafns.xyz
- DOMAIN-SUFFIX,ra5.xyz
- DOMAIN-SUFFIX,bilec.xyz
- DOMAIN-SUFFIX,ydxdg.xyz
- DOMAIN-SUFFIX,cadke.xyz
- DOMAIN-SUFFIX,lafacw.xyz
- DOMAIN-SUFFIX,noafoaji.xyz
- DOMAIN-SUFFIX,wkzw.me
- DOMAIN-SUFFIX,eq.af31f.site
- DOMAIN-SUFFIX,w94.1qlgi.top
- DOMAIN-SUFFIX,cos1999.top
- DOMAIN-SUFFIX,wl.uqwjdhgv.top
- DOMAIN-SUFFIX,fq67.top
- DOMAIN-SUFFIX,dhkqqe.top
- DOMAIN-SUFFIX,yruadj.top
- DOMAIN-SUFFIX,ouiokaq.top
- DOMAIN-SUFFIX,bobobo6688.top
- DOMAIN-SUFFIX,yu.dlxxjsh.top
- DOMAIN-SUFFIX,files.xtpag.top
- DOMAIN-SUFFIX,dpjzr.top
- DOMAIN-SUFFIX,sm-cloud.yunsafe.top
- DOMAIN-SUFFIX,cosmo202.top
- DOMAIN-SUFFIX,dr.mlcuzee.cn
- DOMAIN-SUFFIX,mg.xhkvff.cn
- DOMAIN-SUFFIX,telecome.cn
- DOMAIN-SUFFIX,mlstx.cn
- DOMAIN-SUFFIX,tp4sul.jwzd.com.cn
- DOMAIN-SUFFIX,click.oneplus.cn
- DOMAIN-SUFFIX,zs.rzijjeb.cn
- DOMAIN-SUFFIX,joiwnq2.cn
- DOMAIN-SUFFIX,pm.poqwua.cn
- DOMAIN-SUFFIX,mc.mwgpg.cn
- DOMAIN-SUFFIX,xn860wu.vlxue.cn
- DOMAIN-SUFFIX,cengqinglin.cn
- DOMAIN-SUFFIX,srtb.msn.cn
- DOMAIN-SUFFIX,sx.fakjkwp.cn
- DOMAIN-SUFFIX,xn--2ss830adjbqy7h.xn--fiqs8s
- DOMAIN-SUFFIX,appmetrica.yandex.ru
- DOMAIN-SUFFIX,adfox.yandex.ru
- DOMAIN-SUFFIX,adfstat.yandex.ru
- DOMAIN-SUFFIX,metrika.yandex.ru
- DOMAIN-SUFFIX,xiaoshuotxt668.org
- DOMAIN-SUFFIX,theweeklydonut.org
- DOMAIN-SUFFIX,jp.twww.sbs
- DOMAIN-SUFFIX,ig67.vip
- DOMAIN-SUFFIX,n55cpw.vip
- DOMAIN-SUFFIX,ig66.vip
- DOMAIN-SUFFIX,n55ylc001.vip
- DOMAIN-SUFFIX,ig65.vip
- DOMAIN-SUFFIX,itadapi.ithome.com.tw
- DOMAIN-SUFFIX,kdpic.pchome.com.tw
- DOMAIN-SUFFIX,ad.u-car.com.tw
- DOMAIN-SUFFIX,adbot.tw
- DOMAIN-SUFFIX,mm.wxc.cc
- DOMAIN-SUFFIX,xmm.wxc.cc
- DOMAIN-SUFFIX,tu0379199038.cc
- DOMAIN-SUFFIX,tu5551976196.cc
- DOMAIN-SUFFIX,98765.pw
- DOMAIN-SUFFIX,events.hotjar.io
- DOMAIN-SUFFIX,kiwibrowser.org
- DOMAIN,img-c.heytapimage.com
- DOMAIN,adsbdfs.heytapimage.com
- DOMAIN,adsfs.heytapimage.com
- DOMAIN-KEYWORD,porn
- DOMAIN-KEYWORD,js96110
- DOMAIN-SUFFIX,googletagmanager.com
